
Microsoft Visual Studio Solution File, Format Version 12.00
# Visual Studio Version 17
VisualStudioVersion = 17.8.34525.116
MinimumVisualStudioVersion = 10.0.40219.1
Project("{C9674DCB-5085-4A16-B785-4C70DD1589BD}") = "Laboratorio1", "Demo\Laboratorio1.dtproj", "{2369A592-4E04-4CA2-B64B-364F4811098C}"
EndProject
Global
	GlobalSection(SolutionConfigurationPlatforms) = preSolution
		Development|Default = Development|Default
	EndGlobalSection
	GlobalSection(ProjectConfigurationPlatforms) = postSolution
		{2369A592-4E04-4CA2-B64B-364F4811098C}.Development|Default.ActiveCfg = Development
		{2369A592-4E04-4CA2-B64B-364F4811098C}.Development|Default.Build.0 = Development
	EndGlobalSection
	GlobalSection(SolutionProperties) = preSolution
		HideSolutionNode = FALSE
	EndGlobalSection
	GlobalSection(ExtensibilityGlobals) = postSolution
		SolutionGuid = {01A1043E-6129-4C44-BA4A-28F59AA5FA78}
	EndGlobalSection
EndGlobal
